
Microsoft Visual Studio Solution File, Format Version 12.00
# Visual Studio Version 17
VisualStudioVersion = 17.2.32616.157
MinimumVisualStudioVersion = 10.0.40219.1
Project("{2150E333-8FDC-42A3-9474-1A3956D46DE8}") = "XXYXX", "XXYXX", "{F0C3E06E-FE4C-4246-A0CF-0F2BCD389D80}"
EndProject
Project("{2150E333-8FDC-42A3-9474-1A3956D46DE8}") = "Frameworks", "Frameworks", "{26B92784-6AE6-4163-8542-0AAA3C1A6D7D}"
	ProjectSection(SolutionItems) = preProject
		Frameworks\open-iconic-site.txt = Frameworks\open-iconic-site.txt
		Frameworks\Version.txt = Frameworks\Version.txt
	EndProjectSection
EndProject
Project("{9A19103F-16F7-4668-BE54-9A1E7A4F7556}") = "CsvMaker", "Frameworks\CsvMaker\CsvMaker.csproj", "{96486E52-4D58-4952-A771-B52D6D9A8804}"
EndProject
Project("{9A19103F-16F7-4668-BE54-9A1E7A4F7556}") = "Supermodel.DataAnnotations", "Frameworks\Supermodel.DataAnnotations\Supermodel.DataAnnotations.csproj", "{CBDA97A1-7FC8-451B-9E45-55E7BB0A8DCD}"
EndProject
Project("{9A19103F-16F7-4668-BE54-9A1E7A4F7556}") = "BrowserEmulator", "Frameworks\BrowserEmulator\BrowserEmulator.csproj", "{7CD119D7-D24E-415B-885A-994AF8C72C84}"
EndProject
Project("{9A19103F-16F7-4668-BE54-9A1E7A4F7556}") = "Supermodel.Encryptor", "Frameworks\Supermodel.Encryptor\Supermodel.Encryptor.csproj", "{E955F92E-87EE-40B9-B44D-8D4010CD2FC4}"
EndProject
Project("{9A19103F-16F7-4668-BE54-9A1E7A4F7556}") = "Supermodel.ReflectionMapper", "Frameworks\Supermodel.ReflectionMapper\Supermodel.ReflectionMapper.csproj", "{BBEEAAFA-59D2-48A1-8878-CDAEA2B5BFFE}"
EndProject
Project("{9A19103F-16F7-4668-BE54-9A1E7A4F7556}") = "SupersonicDb", "Frameworks\SupersonicDb\SupersonicDb.csproj", "{2E6C2722-C62A-48F1-B426-30267D6270A2}"
EndProject
Project("{2150E333-8FDC-42A3-9474-1A3956D46DE8}") = "Supermodel.Persistence", "Supermodel.Persistence", "{0116B22E-411E-4265-B7FA-EFB775956DD3}"
EndProject
Project("{9A19103F-16F7-4668-BE54-9A1E7A4F7556}") = "Supermodel.Persistence", "Frameworks\Supermodel.Persistence\Supermodel.Persistence\Supermodel.Persistence.csproj", "{83DC6391-7480-460A-A8E2-E92C58BFDC31}"
EndProject
Project("{9A19103F-16F7-4668-BE54-9A1E7A4F7556}") = "Supermodel.Persistence.EFCore", "Frameworks\Supermodel.Persistence\Supermodel.Persistence.EFCore\Supermodel.Persistence.EFCore.csproj", "{3CFA3BE6-4FA7-40CC-80C1-E8D5093C7A72}"
EndProject
Project("{9A19103F-16F7-4668-BE54-9A1E7A4F7556}") = "Supermodel.Persistence.EFCore.InMemory", "Frameworks\Supermodel.Persistence\Supermodel.Persistence.EFCore.InMemory\Supermodel.Persistence.EFCore.InMemory.csproj", "{95D60E77-C535-4BF9-BA42-8339B796AE11}"
EndProject
Project("{9A19103F-16F7-4668-BE54-9A1E7A4F7556}") = "Supermodel.Persistence.EFCore.SQLite", "Frameworks\Supermodel.Persistence\Supermodel.Persistence.EFCore.SQLite\Supermodel.Persistence.EFCore.SQLite.csproj", "{0EBC7DEC-C194-448A-973C-AF2CE77FE889}"
EndProject
Project("{2150E333-8FDC-42A3-9474-1A3956D46DE8}") = "Supermodel.Presentation", "Supermodel.Presentation", "{9D151036-664C-4058-8454-17C13672CD16}"
EndProject
Project("{2150E333-8FDC-42A3-9474-1A3956D46DE8}") = "Supermodel.Client", "Supermodel.Client", "{8F9178A3-BD92-4592-B9EB-BD96AA26ACA6}"
EndProject
Project("{2150E333-8FDC-42A3-9474-1A3956D46DE8}") = "Server", "Server", "{D0985681-A8AA-48A7-8A52-815DB97ECD62}"
EndProject
Project("{2150E333-8FDC-42A3-9474-1A3956D46DE8}") = "Util", "Util", "{054CBA44-F58A-4F41-87F9-B2B2722493A6}"
EndProject
Project("{9A19103F-16F7-4668-BE54-9A1E7A4F7556}") = "Domain", "XXYXX\Server\Domain\Domain.csproj", "{A65A0F48-90BD-4987-8E7C-7431D2A19547}"
EndProject
Project("{9A19103F-16F7-4668-BE54-9A1E7A4F7556}") = "Supermodel.Persistence.EFCore.SQLServer", "Frameworks\Supermodel.Persistence\Supermodel.Persistence.EFCore.SQLServer\Supermodel.Persistence.EFCore.SQLServer.csproj", "{98ECCABD-9D3C-4226-A6BB-CEC4736EBB37}"
EndProject
Project("{2150E333-8FDC-42A3-9474-1A3956D46DE8}") = "Mvc", "Mvc", "{FFE647E8-3330-4F76-A045-B1BD38FC6976}"
EndProject
Project("{2150E333-8FDC-42A3-9474-1A3956D46DE8}") = "WebMonk", "WebMonk", "{988F7730-18EE-4AC5-A133-205FF4012070}"
EndProject
Project("{2150E333-8FDC-42A3-9474-1A3956D46DE8}") = "WebMonk", "WebMonk", "{129BA179-236C-45EF-8A69-D2C05C477CF8}"
EndProject
Project("{9A19103F-16F7-4668-BE54-9A1E7A4F7556}") = "WebMonk.RazorSharp", "Frameworks\WebMonk\WebMonk.RazorSharp\WebMonk.RazorSharp.csproj", "{B81D1E50-718D-40BC-87B4-14A846BFD61F}"
EndProject
Project("{9A19103F-16F7-4668-BE54-9A1E7A4F7556}") = "WebMonk", "Frameworks\WebMonk\WebMonk\WebMonk.csproj", "{5A7E9F78-FDCE-47CA-B54A-9F47303C6843}"
EndProject
Project("{9A19103F-16F7-4668-BE54-9A1E7A4F7556}") = "Supermodel.Presentation.Mvc", "Frameworks\Supermodel.Presentation\Mvc\Supermodel.Presentation.Mvc\Supermodel.Presentation.Mvc.csproj", "{F6880433-DAA6-4B3D-9C63-CAEF67E7F941}"
EndProject
Project("{9A19103F-16F7-4668-BE54-9A1E7A4F7556}") = "Supermodel.Presentation.Mvc.Bootstrap4", "Frameworks\Supermodel.Presentation\Mvc\Supermodel.Presentation.Mvc.Bootstrap4\Supermodel.Presentation.Mvc.Bootstrap4.csproj", "{A3EEEE11-84EC-470C-9835-2C22D87B4998}"
EndProject
Project("{9A19103F-16F7-4668-BE54-9A1E7A4F7556}") = "Supermodel.Presentation.Mvc.Bootstrap4.D3", "Frameworks\Supermodel.Presentation\Mvc\Supermodel.Presentation.Mvc.Bootstrap4.D3\Supermodel.Presentation.Mvc.Bootstrap4.D3.csproj", "{E48824EE-D560-4F79-BF79-06BD77BE30A3}"
EndProject
Project("{9A19103F-16F7-4668-BE54-9A1E7A4F7556}") = "Supermodel.Presentation.WebMonk", "Frameworks\Supermodel.Presentation\WebMonk\Supermodel.Presentation.WebMonk\Supermodel.Presentation.WebMonk.csproj", "{D14E72D2-B00F-4C12-8C35-47E2F9D49D6C}"
EndProject
Project("{9A19103F-16F7-4668-BE54-9A1E7A4F7556}") = "Supermodel.Presentation.WebMonk.Bootstrap4", "Frameworks\Supermodel.Presentation\WebMonk\Supermodel.Presentation.WebMonk.Bootstrap4\Supermodel.Presentation.WebMonk.Bootstrap4.csproj", "{EE6360AF-D84F-40A0-925F-310263C9F893}"
EndProject
Project("{9A19103F-16F7-4668-BE54-9A1E7A4F7556}") = "Supermodel.Presentation.WebMonk.Bootstrap4.D3", "Frameworks\Supermodel.Presentation\WebMonk\Supermodel.Presentation.WebMonk.Bootstrap4.D3\Supermodel.Presentation.WebMonk.Bootstrap4.D3.csproj", "{2949F422-EBE9-4563-A1AD-B37DAD1653B6}"
EndProject
Project("{9A19103F-16F7-4668-BE54-9A1E7A4F7556}") = "WebMVC", "XXYXX\Server\WebMVC\WebMVC.csproj", "{A948AEF7-8737-49A0-A47C-0652ED858D30}"
EndProject
Project("{2150E333-8FDC-42A3-9474-1A3956D46DE8}") = "Tooling", "Tooling", "{656CC1BC-DC64-46AF-B594-2A712470F9F4}"
EndProject
Project("{9A19103F-16F7-4668-BE54-9A1E7A4F7556}") = "HTML2RazorSharpWinForms", "Frameworks\WebMonk\Tooling\HTML2RazorSharpWinForms\HTML2RazorSharpWinForms.csproj", "{5C17C6ED-A172-4C12-9C99-15E5C01E473A}"
EndProject
Project("{9A19103F-16F7-4668-BE54-9A1E7A4F7556}") = "WebWM", "XXYXX\Server\WebWM\WebWM.csproj", "{52339205-60DC-4289-A179-9DDE6D6DA1B3}"
EndProject
Project("{9A19103F-16F7-4668-BE54-9A1E7A4F7556}") = "Batch", "XXYXX\Server\Batch\Batch.csproj", "{0A117320-9AFB-4E93-8F80-BFF93A197DE3}"
EndProject
Project("{9A19103F-16F7-4668-BE54-9A1E7A4F7556}") = "ModelGeneratorWM", "XXYXX\Util\ModelGeneratorWM\ModelGeneratorWM.csproj", "{AD0DFA5F-8D59-4775-8A87-EA83F9A8437B}"
EndProject
Project("{9A19103F-16F7-4668-BE54-9A1E7A4F7556}") = "ModelGeneratorMVC", "XXYXX\Util\ModelGeneratorMVC\ModelGeneratorMVC.csproj", "{7234523C-4609-4197-9DA5-3DC77A172D5B}"
EndProject
Project("{2150E333-8FDC-42A3-9474-1A3956D46DE8}") = "Supermodel.Tooling", "Supermodel.Tooling", "{E289DBF9-8F8A-4DDB-B173-886A47A36B47}"
EndProject
Project("{9A19103F-16F7-4668-BE54-9A1E7A4F7556}") = "Supermodel.Tooling.SolutionMaker", "Frameworks\Supermodel.Tooling\Supermodel.Tooling.SolutionMaker\Supermodel.Tooling.SolutionMaker.csproj", "{78B95E9E-1A7A-44E6-9A9F-2FA11A243384}"
EndProject
Project("{9A19103F-16F7-4668-BE54-9A1E7A4F7556}") = "Supermodel.Tooling.SolutionMaker.Cmd", "Frameworks\Supermodel.Tooling\Supermodel.Tooling.SolutionMaker.Cmd\Supermodel.Tooling.SolutionMaker.Cmd.csproj", "{C0BCEA59-5103-4264-A17E-FFDD83B5AA65}"
EndProject
Project("{2150E333-8FDC-42A3-9474-1A3956D46DE8}") = "Cmd", "Cmd", "{CD2E23D5-7213-4A31-85DF-02355AE9A0E2}"
EndProject
Project("{9A19103F-16F7-4668-BE54-9A1E7A4F7556}") = "Supermodel.Presentation.Cmd", "Frameworks\Supermodel.Presentation\Cmd\Supermodel.Presentation.Cmd\Supermodel.Presentation.Cmd.csproj", "{64C74F62-9CA4-4F42-8742-F1F19410F239}"
EndProject
Project("{9A19103F-16F7-4668-BE54-9A1E7A4F7556}") = "HTML2RazorSharpWM", "Frameworks\WebMonk\Tooling\HTML2RazorSharpWM\HTML2RazorSharpWM.csproj", "{63FC427F-A1FD-46F7-86CC-EF4EFD9647D9}"
EndProject
Project("{2150E333-8FDC-42A3-9474-1A3956D46DE8}") = "Client", "Client", "{02EA681E-C7D8-13C7-8484-4AC65E1B71E8}"
EndProject
Project("{FAE04EC0-301F-11D3-BF4B-00C04F79EFBC}") = "Supermodel.Client.Backend", "Frameworks\Supermodel.Client\Supermodel.Client.Backend\Supermodel.Client.Backend.csproj", "{0D50797F-3A89-6232-6781-3330E19221E0}"
EndProject
Project("{FAE04EC0-301F-11D3-BF4B-00C04F79EFBC}") = "Supermodel.Client.CodeGen", "Frameworks\Supermodel.Client\Supermodel.Client.CodeGen\Supermodel.Client.CodeGen.csproj", "{A6AC885E-C2FF-D86B-D319-C43D3BE03607}"
EndProject
Project("{FAE04EC0-301F-11D3-BF4B-00C04F79EFBC}") = "BatchApiClientMVC", "XXYXX\Client\BatchApiClientMVC\BatchApiClientMVC.csproj", "{AF40EEB6-FADC-5F3A-7280-EEDDF7B41BBA}"
EndProject
Project("{FAE04EC0-301F-11D3-BF4B-00C04F79EFBC}") = "BatchApiClientWM", "XXYXX\Client\BatchApiClientWM\BatchApiClientWM.csproj", "{75BD2AD6-E020-4DFC-8101-A8E5D36AED2C}"
EndProject
Global
	GlobalSection(SolutionConfigurationPlatforms) = preSolution
		Debug|Any CPU = Debug|Any CPU
		Release|Any CPU = Release|Any CPU
	EndGlobalSection
	GlobalSection(ProjectConfigurationPlatforms) = postSolution
		{96486E52-4D58-4952-A771-B52D6D9A8804}.Debug|Any CPU.ActiveCfg = Debug|Any CPU
		{96486E52-4D58-4952-A771-B52D6D9A8804}.Debug|Any CPU.Build.0 = Debug|Any CPU
		{96486E52-4D58-4952-A771-B52D6D9A8804}.Release|Any CPU.ActiveCfg = Release|Any CPU
		{96486E52-4D58-4952-A771-B52D6D9A8804}.Release|Any CPU.Build.0 = Release|Any CPU
		{CBDA97A1-7FC8-451B-9E45-55E7BB0A8DCD}.Debug|Any CPU.ActiveCfg = Debug|Any CPU
		{CBDA97A1-7FC8-451B-9E45-55E7BB0A8DCD}.Debug|Any CPU.Build.0 = Debug|Any CPU
		{CBDA97A1-7FC8-451B-9E45-55E7BB0A8DCD}.Release|Any CPU.ActiveCfg = Release|Any CPU
		{CBDA97A1-7FC8-451B-9E45-55E7BB0A8DCD}.Release|Any CPU.Build.0 = Release|Any CPU
		{7CD119D7-D24E-415B-885A-994AF8C72C84}.Debug|Any CPU.ActiveCfg = Debug|Any CPU
		{7CD119D7-D24E-415B-885A-994AF8C72C84}.Debug|Any CPU.Build.0 = Debug|Any CPU
		{7CD119D7-D24E-415B-885A-994AF8C72C84}.Release|Any CPU.ActiveCfg = Release|Any CPU
		{7CD119D7-D24E-415B-885A-994AF8C72C84}.Release|Any CPU.Build.0 = Release|Any CPU
		{E955F92E-87EE-40B9-B44D-8D4010CD2FC4}.Debug|Any CPU.ActiveCfg = Debug|Any CPU
		{E955F92E-87EE-40B9-B44D-8D4010CD2FC4}.Debug|Any CPU.Build.0 = Debug|Any CPU
		{E955F92E-87EE-40B9-B44D-8D4010CD2FC4}.Release|Any CPU.ActiveCfg = Release|Any CPU
		{E955F92E-87EE-40B9-B44D-8D4010CD2FC4}.Release|Any CPU.Build.0 = Release|Any CPU
		{BBEEAAFA-59D2-48A1-8878-CDAEA2B5BFFE}.Debug|Any CPU.ActiveCfg = Debug|Any CPU
		{BBEEAAFA-59D2-48A1-8878-CDAEA2B5BFFE}.Debug|Any CPU.Build.0 = Debug|Any CPU
		{BBEEAAFA-59D2-48A1-8878-CDAEA2B5BFFE}.Release|Any CPU.ActiveCfg = Release|Any CPU
		{BBEEAAFA-59D2-48A1-8878-CDAEA2B5BFFE}.Release|Any CPU.Build.0 = Release|Any CPU
		{2E6C2722-C62A-48F1-B426-30267D6270A2}.Debug|Any CPU.ActiveCfg = Debug|Any CPU
		{2E6C2722-C62A-48F1-B426-30267D6270A2}.Debug|Any CPU.Build.0 = Debug|Any CPU
		{2E6C2722-C62A-48F1-B426-30267D6270A2}.Release|Any CPU.ActiveCfg = Release|Any CPU
		{2E6C2722-C62A-48F1-B426-30267D6270A2}.Release|Any CPU.Build.0 = Release|Any CPU
		{83DC6391-7480-460A-A8E2-E92C58BFDC31}.Debug|Any CPU.ActiveCfg = Debug|Any CPU
		{83DC6391-7480-460A-A8E2-E92C58BFDC31}.Debug|Any CPU.Build.0 = Debug|Any CPU
		{83DC6391-7480-460A-A8E2-E92C58BFDC31}.Release|Any CPU.ActiveCfg = Release|Any CPU
		{83DC6391-7480-460A-A8E2-E92C58BFDC31}.Release|Any CPU.Build.0 = Release|Any CPU
		{3CFA3BE6-4FA7-40CC-80C1-E8D5093C7A72}.Debug|Any CPU.ActiveCfg = Debug|Any CPU
		{3CFA3BE6-4FA7-40CC-80C1-E8D5093C7A72}.Debug|Any CPU.Build.0 = Debug|Any CPU
		{3CFA3BE6-4FA7-40CC-80C1-E8D5093C7A72}.Release|Any CPU.ActiveCfg = Release|Any CPU
		{3CFA3BE6-4FA7-40CC-80C1-E8D5093C7A72}.Release|Any CPU.Build.0 = Release|Any CPU
		{95D60E77-C535-4BF9-BA42-8339B796AE11}.Debug|Any CPU.ActiveCfg = Debug|Any CPU
		{95D60E77-C535-4BF9-BA42-8339B796AE11}.Debug|Any CPU.Build.0 = Debug|Any CPU
		{95D60E77-C535-4BF9-BA42-8339B796AE11}.Release|Any CPU.ActiveCfg = Release|Any CPU
		{95D60E77-C535-4BF9-BA42-8339B796AE11}.Release|Any CPU.Build.0 = Release|Any CPU
		{0EBC7DEC-C194-448A-973C-AF2CE77FE889}.Debug|Any CPU.ActiveCfg = Debug|Any CPU
		{0EBC7DEC-C194-448A-973C-AF2CE77FE889}.Debug|Any CPU.Build.0 = Debug|Any CPU
		{0EBC7DEC-C194-448A-973C-AF2CE77FE889}.Release|Any CPU.ActiveCfg = Release|Any CPU
		{0EBC7DEC-C194-448A-973C-AF2CE77FE889}.Release|Any CPU.Build.0 = Release|Any CPU
		{A65A0F48-90BD-4987-8E7C-7431D2A19547}.Debug|Any CPU.ActiveCfg = Debug|Any CPU
		{A65A0F48-90BD-4987-8E7C-7431D2A19547}.Debug|Any CPU.Build.0 = Debug|Any CPU
		{A65A0F48-90BD-4987-8E7C-7431D2A19547}.Release|Any CPU.ActiveCfg = Release|Any CPU
		{A65A0F48-90BD-4987-8E7C-7431D2A19547}.Release|Any CPU.Build.0 = Release|Any CPU
		{98ECCABD-9D3C-4226-A6BB-CEC4736EBB37}.Debug|Any CPU.ActiveCfg = Debug|Any CPU
		{98ECCABD-9D3C-4226-A6BB-CEC4736EBB37}.Debug|Any CPU.Build.0 = Debug|Any CPU
		{98ECCABD-9D3C-4226-A6BB-CEC4736EBB37}.Release|Any CPU.ActiveCfg = Release|Any CPU
		{98ECCABD-9D3C-4226-A6BB-CEC4736EBB37}.Release|Any CPU.Build.0 = Release|Any CPU
		{B81D1E50-718D-40BC-87B4-14A846BFD61F}.Debug|Any CPU.ActiveCfg = Debug|Any CPU
		{B81D1E50-718D-40BC-87B4-14A846BFD61F}.Debug|Any CPU.Build.0 = Debug|Any CPU
		{B81D1E50-718D-40BC-87B4-14A846BFD61F}.Release|Any CPU.ActiveCfg = Release|Any CPU
		{B81D1E50-718D-40BC-87B4-14A846BFD61F}.Release|Any CPU.Build.0 = Release|Any CPU
		{5A7E9F78-FDCE-47CA-B54A-9F47303C6843}.Debug|Any CPU.ActiveCfg = Debug|Any CPU
		{5A7E9F78-FDCE-47CA-B54A-9F47303C6843}.Debug|Any CPU.Build.0 = Debug|Any CPU
		{5A7E9F78-FDCE-47CA-B54A-9F47303C6843}.Release|Any CPU.ActiveCfg = Release|Any CPU
		{5A7E9F78-FDCE-47CA-B54A-9F47303C6843}.Release|Any CPU.Build.0 = Release|Any CPU
		{F6880433-DAA6-4B3D-9C63-CAEF67E7F941}.Debug|Any CPU.ActiveCfg = Debug|Any CPU
		{F6880433-DAA6-4B3D-9C63-CAEF67E7F941}.Debug|Any CPU.Build.0 = Debug|Any CPU
		{F6880433-DAA6-4B3D-9C63-CAEF67E7F941}.Release|Any CPU.ActiveCfg = Release|Any CPU
		{F6880433-DAA6-4B3D-9C63-CAEF67E7F941}.Release|Any CPU.Build.0 = Release|Any CPU
		{A3EEEE11-84EC-470C-9835-2C22D87B4998}.Debug|Any CPU.ActiveCfg = Debug|Any CPU
		{A3EEEE11-84EC-470C-9835-2C22D87B4998}.Debug|Any CPU.Build.0 = Debug|Any CPU
		{A3EEEE11-84EC-470C-9835-2C22D87B4998}.Release|Any CPU.ActiveCfg = Release|Any CPU
		{A3EEEE11-84EC-470C-9835-2C22D87B4998}.Release|Any CPU.Build.0 = Release|Any CPU
		{E48824EE-D560-4F79-BF79-06BD77BE30A3}.Debug|Any CPU.ActiveCfg = Debug|Any CPU
		{E48824EE-D560-4F79-BF79-06BD77BE30A3}.Debug|Any CPU.Build.0 = Debug|Any CPU
		{E48824EE-D560-4F79-BF79-06BD77BE30A3}.Release|Any CPU.ActiveCfg = Release|Any CPU
		{E48824EE-D560-4F79-BF79-06BD77BE30A3}.Release|Any CPU.Build.0 = Release|Any CPU
		{D14E72D2-B00F-4C12-8C35-47E2F9D49D6C}.Debug|Any CPU.ActiveCfg = Debug|Any CPU
		{D14E72D2-B00F-4C12-8C35-47E2F9D49D6C}.Debug|Any CPU.Build.0 = Debug|Any CPU
		{D14E72D2-B00F-4C12-8C35-47E2F9D49D6C}.Release|Any CPU.ActiveCfg = Release|Any CPU
		{D14E72D2-B00F-4C12-8C35-47E2F9D49D6C}.Release|Any CPU.Build.0 = Release|Any CPU
		{EE6360AF-D84F-40A0-925F-310263C9F893}.Debug|Any CPU.ActiveCfg = Debug|Any CPU
		{EE6360AF-D84F-40A0-925F-310263C9F893}.Debug|Any CPU.Build.0 = Debug|Any CPU
		{EE6360AF-D84F-40A0-925F-310263C9F893}.Release|Any CPU.ActiveCfg = Release|Any CPU
		{EE6360AF-D84F-40A0-925F-310263C9F893}.Release|Any CPU.Build.0 = Release|Any CPU
		{2949F422-EBE9-4563-A1AD-B37DAD1653B6}.Debug|Any CPU.ActiveCfg = Debug|Any CPU
		{2949F422-EBE9-4563-A1AD-B37DAD1653B6}.Debug|Any CPU.Build.0 = Debug|Any CPU
		{2949F422-EBE9-4563-A1AD-B37DAD1653B6}.Release|Any CPU.ActiveCfg = Release|Any CPU
		{2949F422-EBE9-4563-A1AD-B37DAD1653B6}.Release|Any CPU.Build.0 = Release|Any CPU
		{A948AEF7-8737-49A0-A47C-0652ED858D30}.Debug|Any CPU.ActiveCfg = Debug|Any CPU
		{A948AEF7-8737-49A0-A47C-0652ED858D30}.Debug|Any CPU.Build.0 = Debug|Any CPU
		{A948AEF7-8737-49A0-A47C-0652ED858D30}.Release|Any CPU.ActiveCfg = Release|Any CPU
		{A948AEF7-8737-49A0-A47C-0652ED858D30}.Release|Any CPU.Build.0 = Release|Any CPU
		{5C17C6ED-A172-4C12-9C99-15E5C01E473A}.Debug|Any CPU.ActiveCfg = Debug|Any CPU
		{5C17C6ED-A172-4C12-9C99-15E5C01E473A}.Debug|Any CPU.Build.0 = Debug|Any CPU
		{5C17C6ED-A172-4C12-9C99-15E5C01E473A}.Release|Any CPU.ActiveCfg = Release|Any CPU
		{5C17C6ED-A172-4C12-9C99-15E5C01E473A}.Release|Any CPU.Build.0 = Release|Any CPU
		{52339205-60DC-4289-A179-9DDE6D6DA1B3}.Debug|Any CPU.ActiveCfg = Debug|Any CPU
		{52339205-60DC-4289-A179-9DDE6D6DA1B3}.Debug|Any CPU.Build.0 = Debug|Any CPU
		{52339205-60DC-4289-A179-9DDE6D6DA1B3}.Release|Any CPU.ActiveCfg = Release|Any CPU
		{52339205-60DC-4289-A179-9DDE6D6DA1B3}.Release|Any CPU.Build.0 = Release|Any CPU
		{AD0DFA5F-8D59-4775-8A87-EA83F9A8437B}.Debug|Any CPU.ActiveCfg = Debug|Any CPU
		{AD0DFA5F-8D59-4775-8A87-EA83F9A8437B}.Debug|Any CPU.Build.0 = Debug|Any CPU
		{AD0DFA5F-8D59-4775-8A87-EA83F9A8437B}.Release|Any CPU.ActiveCfg = Release|Any CPU
		{AD0DFA5F-8D59-4775-8A87-EA83F9A8437B}.Release|Any CPU.Build.0 = Release|Any CPU
		{75BD2AD6-E020-4DFC-8101-A8E5D36AED2C}.Debug|Any CPU.ActiveCfg = Debug|Any CPU
		{75BD2AD6-E020-4DFC-8101-A8E5D36AED2C}.Debug|Any CPU.Build.0 = Debug|Any CPU
		{75BD2AD6-E020-4DFC-8101-A8E5D36AED2C}.Release|Any CPU.ActiveCfg = Release|Any CPU
		{75BD2AD6-E020-4DFC-8101-A8E5D36AED2C}.Release|Any CPU.Build.0 = Release|Any CPU
		{0A117320-9AFB-4E93-8F80-BFF93A197DE3}.Debug|Any CPU.ActiveCfg = Debug|Any CPU
		{0A117320-9AFB-4E93-8F80-BFF93A197DE3}.Debug|Any CPU.Build.0 = Debug|Any CPU
		{0A117320-9AFB-4E93-8F80-BFF93A197DE3}.Release|Any CPU.ActiveCfg = Release|Any CPU
		{0A117320-9AFB-4E93-8F80-BFF93A197DE3}.Release|Any CPU.Build.0 = Release|Any CPU
		{7234523C-4609-4197-9DA5-3DC77A172D5B}.Debug|Any CPU.ActiveCfg = Debug|Any CPU
		{7234523C-4609-4197-9DA5-3DC77A172D5B}.Debug|Any CPU.Build.0 = Debug|Any CPU
		{7234523C-4609-4197-9DA5-3DC77A172D5B}.Release|Any CPU.ActiveCfg = Release|Any CPU
		{7234523C-4609-4197-9DA5-3DC77A172D5B}.Release|Any CPU.Build.0 = Release|Any CPU
		{78B95E9E-1A7A-44E6-9A9F-2FA11A243384}.Debug|Any CPU.ActiveCfg = Debug|Any CPU
		{78B95E9E-1A7A-44E6-9A9F-2FA11A243384}.Debug|Any CPU.Build.0 = Debug|Any CPU
		{78B95E9E-1A7A-44E6-9A9F-2FA11A243384}.Release|Any CPU.ActiveCfg = Release|Any CPU
		{78B95E9E-1A7A-44E6-9A9F-2FA11A243384}.Release|Any CPU.Build.0 = Release|Any CPU
		{C0BCEA59-5103-4264-A17E-FFDD83B5AA65}.Debug|Any CPU.ActiveCfg = Debug|Any CPU
		{C0BCEA59-5103-4264-A17E-FFDD83B5AA65}.Debug|Any CPU.Build.0 = Debug|Any CPU
		{C0BCEA59-5103-4264-A17E-FFDD83B5AA65}.Release|Any CPU.ActiveCfg = Release|Any CPU
		{C0BCEA59-5103-4264-A17E-FFDD83B5AA65}.Release|Any CPU.Build.0 = Release|Any CPU
		{64C74F62-9CA4-4F42-8742-F1F19410F239}.Debug|Any CPU.ActiveCfg = Debug|Any CPU
		{64C74F62-9CA4-4F42-8742-F1F19410F239}.Debug|Any CPU.Build.0 = Debug|Any CPU
		{64C74F62-9CA4-4F42-8742-F1F19410F239}.Release|Any CPU.ActiveCfg = Release|Any CPU
		{64C74F62-9CA4-4F42-8742-F1F19410F239}.Release|Any CPU.Build.0 = Release|Any CPU
		{63FC427F-A1FD-46F7-86CC-EF4EFD9647D9}.Debug|Any CPU.ActiveCfg = Debug|Any CPU
		{63FC427F-A1FD-46F7-86CC-EF4EFD9647D9}.Debug|Any CPU.Build.0 = Debug|Any CPU
		{63FC427F-A1FD-46F7-86CC-EF4EFD9647D9}.Release|Any CPU.ActiveCfg = Release|Any CPU
		{63FC427F-A1FD-46F7-86CC-EF4EFD9647D9}.Release|Any CPU.Build.0 = Release|Any CPU
		{0D50797F-3A89-6232-6781-3330E19221E0}.Debug|Any CPU.ActiveCfg = Debug|Any CPU
		{0D50797F-3A89-6232-6781-3330E19221E0}.Debug|Any CPU.Build.0 = Debug|Any CPU
		{0D50797F-3A89-6232-6781-3330E19221E0}.Release|Any CPU.ActiveCfg = Release|Any CPU
		{0D50797F-3A89-6232-6781-3330E19221E0}.Release|Any CPU.Build.0 = Release|Any CPU
		{A6AC885E-C2FF-D86B-D319-C43D3BE03607}.Debug|Any CPU.ActiveCfg = Debug|Any CPU
		{A6AC885E-C2FF-D86B-D319-C43D3BE03607}.Debug|Any CPU.Build.0 = Debug|Any CPU
		{A6AC885E-C2FF-D86B-D319-C43D3BE03607}.Release|Any CPU.ActiveCfg = Release|Any CPU
		{A6AC885E-C2FF-D86B-D319-C43D3BE03607}.Release|Any CPU.Build.0 = Release|Any CPU
		{AF40EEB6-FADC-5F3A-7280-EEDDF7B41BBA}.Debug|Any CPU.ActiveCfg = Debug|Any CPU
		{AF40EEB6-FADC-5F3A-7280-EEDDF7B41BBA}.Debug|Any CPU.Build.0 = Debug|Any CPU
		{AF40EEB6-FADC-5F3A-7280-EEDDF7B41BBA}.Release|Any CPU.ActiveCfg = Release|Any CPU
		{AF40EEB6-FADC-5F3A-7280-EEDDF7B41BBA}.Release|Any CPU.Build.0 = Release|Any CPU
	EndGlobalSection
	GlobalSection(SolutionProperties) = preSolution
		HideSolutionNode = FALSE
	EndGlobalSection
	GlobalSection(NestedProjects) = preSolution
		{96486E52-4D58-4952-A771-B52D6D9A8804} = {26B92784-6AE6-4163-8542-0AAA3C1A6D7D}
		{CBDA97A1-7FC8-451B-9E45-55E7BB0A8DCD} = {26B92784-6AE6-4163-8542-0AAA3C1A6D7D}
		{7CD119D7-D24E-415B-885A-994AF8C72C84} = {26B92784-6AE6-4163-8542-0AAA3C1A6D7D}
		{E955F92E-87EE-40B9-B44D-8D4010CD2FC4} = {26B92784-6AE6-4163-8542-0AAA3C1A6D7D}
		{BBEEAAFA-59D2-48A1-8878-CDAEA2B5BFFE} = {26B92784-6AE6-4163-8542-0AAA3C1A6D7D}
		{2E6C2722-C62A-48F1-B426-30267D6270A2} = {26B92784-6AE6-4163-8542-0AAA3C1A6D7D}
		{0116B22E-411E-4265-B7FA-EFB775956DD3} = {26B92784-6AE6-4163-8542-0AAA3C1A6D7D}
		{83DC6391-7480-460A-A8E2-E92C58BFDC31} = {0116B22E-411E-4265-B7FA-EFB775956DD3}
		{3CFA3BE6-4FA7-40CC-80C1-E8D5093C7A72} = {0116B22E-411E-4265-B7FA-EFB775956DD3}
		{95D60E77-C535-4BF9-BA42-8339B796AE11} = {0116B22E-411E-4265-B7FA-EFB775956DD3}
		{0EBC7DEC-C194-448A-973C-AF2CE77FE889} = {0116B22E-411E-4265-B7FA-EFB775956DD3}
		{9D151036-664C-4058-8454-17C13672CD16} = {26B92784-6AE6-4163-8542-0AAA3C1A6D7D}
		{8F9178A3-BD92-4592-B9EB-BD96AA26ACA6} = {26B92784-6AE6-4163-8542-0AAA3C1A6D7D}
		{D0985681-A8AA-48A7-8A52-815DB97ECD62} = {F0C3E06E-FE4C-4246-A0CF-0F2BCD389D80}
		{054CBA44-F58A-4F41-87F9-B2B2722493A6} = {F0C3E06E-FE4C-4246-A0CF-0F2BCD389D80}
		{A65A0F48-90BD-4987-8E7C-7431D2A19547} = {D0985681-A8AA-48A7-8A52-815DB97ECD62}
		{98ECCABD-9D3C-4226-A6BB-CEC4736EBB37} = {0116B22E-411E-4265-B7FA-EFB775956DD3}
		{FFE647E8-3330-4F76-A045-B1BD38FC6976} = {9D151036-664C-4058-8454-17C13672CD16}
		{988F7730-18EE-4AC5-A133-205FF4012070} = {9D151036-664C-4058-8454-17C13672CD16}
		{129BA179-236C-45EF-8A69-D2C05C477CF8} = {26B92784-6AE6-4163-8542-0AAA3C1A6D7D}
		{B81D1E50-718D-40BC-87B4-14A846BFD61F} = {129BA179-236C-45EF-8A69-D2C05C477CF8}
		{5A7E9F78-FDCE-47CA-B54A-9F47303C6843} = {129BA179-236C-45EF-8A69-D2C05C477CF8}
		{F6880433-DAA6-4B3D-9C63-CAEF67E7F941} = {FFE647E8-3330-4F76-A045-B1BD38FC6976}
		{A3EEEE11-84EC-470C-9835-2C22D87B4998} = {FFE647E8-3330-4F76-A045-B1BD38FC6976}
		{E48824EE-D560-4F79-BF79-06BD77BE30A3} = {FFE647E8-3330-4F76-A045-B1BD38FC6976}
		{D14E72D2-B00F-4C12-8C35-47E2F9D49D6C} = {988F7730-18EE-4AC5-A133-205FF4012070}
		{EE6360AF-D84F-40A0-925F-310263C9F893} = {988F7730-18EE-4AC5-A133-205FF4012070}
		{2949F422-EBE9-4563-A1AD-B37DAD1653B6} = {988F7730-18EE-4AC5-A133-205FF4012070}
		{A948AEF7-8737-49A0-A47C-0652ED858D30} = {D0985681-A8AA-48A7-8A52-815DB97ECD62}
		{656CC1BC-DC64-46AF-B594-2A712470F9F4} = {129BA179-236C-45EF-8A69-D2C05C477CF8}
		{5C17C6ED-A172-4C12-9C99-15E5C01E473A} = {656CC1BC-DC64-46AF-B594-2A712470F9F4}
		{52339205-60DC-4289-A179-9DDE6D6DA1B3} = {D0985681-A8AA-48A7-8A52-815DB97ECD62}
		{AD0DFA5F-8D59-4775-8A87-EA83F9A8437B} = {054CBA44-F58A-4F41-87F9-B2B2722493A6}
		{75BD2AD6-E020-4DFC-8101-A8E5D36AED2C} = {02EA681E-C7D8-13C7-8484-4AC65E1B71E8}
		{0A117320-9AFB-4E93-8F80-BFF93A197DE3} = {D0985681-A8AA-48A7-8A52-815DB97ECD62}
		{7234523C-4609-4197-9DA5-3DC77A172D5B} = {054CBA44-F58A-4F41-87F9-B2B2722493A6}
		{E289DBF9-8F8A-4DDB-B173-886A47A36B47} = {26B92784-6AE6-4163-8542-0AAA3C1A6D7D}
		{78B95E9E-1A7A-44E6-9A9F-2FA11A243384} = {E289DBF9-8F8A-4DDB-B173-886A47A36B47}
		{C0BCEA59-5103-4264-A17E-FFDD83B5AA65} = {E289DBF9-8F8A-4DDB-B173-886A47A36B47}
		{CD2E23D5-7213-4A31-85DF-02355AE9A0E2} = {9D151036-664C-4058-8454-17C13672CD16}
		{64C74F62-9CA4-4F42-8742-F1F19410F239} = {CD2E23D5-7213-4A31-85DF-02355AE9A0E2}
		{63FC427F-A1FD-46F7-86CC-EF4EFD9647D9} = {656CC1BC-DC64-46AF-B594-2A712470F9F4}
		{02EA681E-C7D8-13C7-8484-4AC65E1B71E8} = {F0C3E06E-FE4C-4246-A0CF-0F2BCD389D80}
		{0D50797F-3A89-6232-6781-3330E19221E0} = {8F9178A3-BD92-4592-B9EB-BD96AA26ACA6}
		{A6AC885E-C2FF-D86B-D319-C43D3BE03607} = {8F9178A3-BD92-4592-B9EB-BD96AA26ACA6}
		{AF40EEB6-FADC-5F3A-7280-EEDDF7B41BBA} = {02EA681E-C7D8-13C7-8484-4AC65E1B71E8}
	EndGlobalSection
	GlobalSection(ExtensibilityGlobals) = postSolution
		SolutionGuid = {F603A591-F955-4EC7-9A61-D328CF584220}
	EndGlobalSection
EndGlobal
